// !$*UTF8*$!
{
	archiveVersion = 1;
	classes = {
	};
	objectVersion = 55;
	objects = {

/* Begin PBXBuildFile section */
		841AD7CB2766096D0053A879 /* AppDelegate.swift in Sources */ = {isa = PBXBuildFile; fileRef = 841AD7CA2766096D0053A879 /* AppDelegate.swift */; };
		841AD7CD2766096D0053A879 /* SceneDelegate.swift in Sources */ = {isa = PBXBuildFile; fileRef = 841AD7CC2766096D0053A879 /* SceneDelegate.swift */; };
		841AD7CF2766096D0053A879 /* ViewController.swift in Sources */ = {isa = PBXBuildFile; fileRef = 841AD7CE2766096D0053A879 /* ViewController.swift */; };
		841AD7D22766096D0053A879 /* Main.storyboard in Resources */ = {isa = PBXBuildFile; fileRef = 841AD7D02766096D0053A879 /* Main.storyboard */; };
		841AD7D52766096D0053A879 /* Data_Persistence.xcdatamodeld in Sources */ = {isa = PBXBuildFile; fileRef = 841AD7D32766096D0053A879 /* Data_Persistence.xcdatamodeld */; };
		841AD7D72766096E0053A879 /* Assets.xcassets in Resources */ = {isa = PBXBuildFile; fileRef = 841AD7D62766096E0053A879 /* Assets.xcassets */; };
		841AD7DA2766096E0053A879 /* LaunchScreen.storyboard in Resources */ = {isa = PBXBuildFile; fileRef = 841AD7D82766096E0053A879 /* LaunchScreen.storyboard */; };
		841AD7E327661BCA0053A879 /* CRUDTableViewController.swift in Sources */ = {isa = PBXBuildFile; fileRef = 841AD7E127661BCA0053A879 /* CRUDTableViewController.swift */; };
		841AD7E427661BCA0053A879 /* TableViewControllerDelegate.swift in Sources */ = {isa = PBXBuildFile; fileRef = 841AD7E227661BCA0053A879 /* TableViewControllerDelegate.swift */; };
/* End PBXBuildFile section */

/* Begin PBXFileReference section */
		841AD7C72766096D0053A879 /* Data Persistence.app */ = {isa = PBXFileReference; explicitFileType = wrapper.application; includeInIndex = 0; path = "Data Persistence.app"; sourceTree = BUILT_PRODUCTS_DIR; };
		841AD7CA2766096D0053A879 /* AppDelegate.swift */ = {isa = PBXFileReference; lastKnownFileType = sourcecode.swift; path = AppDelegate.swift; sourceTree = "<group>"; };
		841AD7CC2766096D0053A879 /* SceneDelegate.swift */ = {isa = PBXFileReference; lastKnownFileType = sourcecode.swift; path = SceneDelegate.swift; sourceTree = "<group>"; };
		841AD7CE2766096D0053A879 /* ViewController.swift */ = {isa = PBXFileReference; lastKnownFileType = sourcecode.swift; path = ViewController.swift; sourceTree = "<group>"; };
		841AD7D12766096D0053A879 /* Base */ = {isa = PBXFileReference; lastKnownFileType = file.storyboard; name = Base; path = Base.lproj/Main.storyboard; sourceTree = "<group>"; };
		841AD7D42766096D0053A879 /* Data_Persistence.xcdatamodel */ = {isa = PBXFileReference; lastKnownFileType = wrapper.xcdatamodel; path = Data_Persistence.xcdatamodel; sourceTree = "<group>"; };
		841AD7D62766096E0053A879 /* Assets.xcassets */ = {isa = PBXFileReference; lastKnownFileType = folder.assetcatalog; path = Assets.xcassets; sourceTree = "<group>"; };
		841AD7D92766096E0053A879 /* Base */ = {isa = PBXFileReference; lastKnownFileType = file.storyboard; name = Base; path = Base.lproj/LaunchScreen.storyboard; sourceTree = "<group>"; };
		841AD7DB2766096E0053A879 /* Info.plist */ = {isa = PBXFileReference; lastKnownFileType = text.plist.xml; path = Info.plist; sourceTree = "<group>"; };
		841AD7E127661BCA0053A879 /* CRUDTableViewController.swift */ = {isa = PBXFileReference; fileEncoding = 4; lastKnownFileType = sourcecode.swift; name = CRUDTableViewController.swift; path = "../../Github/Bucket List Refactor/Bucket List Refactor/CRUDTableViewController.swift"; sourceTree = "<group>"; };
		841AD7E227661BCA0053A879 /* TableViewControllerDelegate.swift */ = {isa = PBXFileReference; fileEncoding = 4; lastKnownFileType = sourcecode.swift; name = TableViewControllerDelegate.swift; path = "../../Github/Bucket List Refactor/Bucket List Refactor/TableViewControllerDelegate.swift"; sourceTree = "<group>"; };
/* End PBXFileReference section */

/* Begin PBXFrameworksBuildPhase section */
		841AD7C42766096D0053A879 /* Frameworks */ = {
			isa = PBXFrameworksBuildPhase;
			buildActionMask = 2147483647;
			files = (
			);
			runOnlyForDeploymentPostprocessing = 0;
		};
/* End PBXFrameworksBuildPhase section */

/* Begin PBXGroup section */
		841AD7BE2766096D0053A879 = {
			isa = PBXGroup;
			children = (
				841AD7C92766096D0053A879 /* Data Persistence */,
				841AD7C82766096D0053A879 /* Products */,
			);
			sourceTree = "<group>";
		};
		841AD7C82766096D0053A879 /* Products */ = {
			isa = PBXGroup;
			children = (
				841AD7C72766096D0053A879 /* Data Persistence.app */,
			);
			name = Products;
			sourceTree = "<group>";
		};
		841AD7C92766096D0053A879 /* Data Persistence */ = {
			isa = PBXGroup;
			children = (
				841AD7CA2766096D0053A879 /* AppDelegate.swift */,
				841AD7CC2766096D0053A879 /* SceneDelegate.swift */,
				841AD7CE2766096D0053A879 /* ViewController.swift */,
				841AD7E127661BCA0053A879 /* CRUDTableViewController.swift */,
				841AD7E227661BCA0053A879 /* TableViewControllerDelegate.swift */,
				841AD7D02766096D0053A879 /* Main.storyboard */,
				841AD7D62766096E0053A879 /* Assets.xcassets */,
				841AD7D82766096E0053A879 /* LaunchScreen.storyboard */,
				841AD7DB2766096E0053A879 /* Info.plist */,
				841AD7D32766096D0053A879 /* Data_Persistence.xcdatamodeld */,
			);
			path = "Data Persistence";
			sourceTree = "<group>";
		};
/* End PBXGroup section */

/* Begin PBXNativeTarget section */
		841AD7C62766096D0053A879 /* Data Persistence */ = {
			isa = PBXNativeTarget;
			buildConfigurationList = 841AD7DE2766096E0053A879 /* Build configuration list for PBXNativeTarget "Data Persistence" */;
			buildPhases = (
				841AD7C32766096D0053A879 /* Sources */,
				841AD7C42766096D0053A879 /* Frameworks */,
				841AD7C52766096D0053A879 /* Resources */,
			);
			buildRules = (
			);
			dependencies = (
			);
			name = "Data Persistence";
			productName = "Data Persistence";
			productReference = 841AD7C72766096D0053A879 /* Data Persistence.app */;
			productType = "com.apple.product-type.application";
		};
/* End PBXNativeTarget section */

/* Begin PBXProject section */
		841AD7BF2766096D0053A879 /* Project object */ = {
			isa = PBXProject;
			attributes = {
				BuildIndependentTargetsInParallel = 1;
				LastSwiftUpdateCheck = 1310;
				LastUpgradeCheck = 1310;
				TargetAttributes = {
					841AD7C62766096D0053A879 = {
						CreatedOnToolsVersion = 13.1;
					};
				};
			};
			buildConfigurationList = 841AD7C22766096D0053A879 /* Build configuration list for PBXProject "Data Persistence" */;
			compatibilityVersion = "Xcode 13.0";
			developmentRegion = en;
			hasScannedForEncodings = 0;
			knownRegions = (
				en,
				Base,
			);
			mainGroup = 841AD7BE2766096D0053A879;
			productRefGroup = 841AD7C82766096D0053A879 /* Products */;
			projectDirPath = "";
			projectRoot = "";
			targets = (
				841AD7C62766096D0053A879 /* Data Persistence */,
			);
		};
/* End PBXProject section */

/* Begin PBXResourcesBuildPhase section */
		841AD7C52766096D0053A879 /* Resources */ = {
			isa = PBXResourcesBuildPhase;
			buildActionMask = 2147483647;
			files = (
				841AD7DA2766096E0053A879 /* LaunchScreen.storyboard in Resources */,
				841AD7D72766096E0053A879 /* Assets.xcassets in Resources */,
				841AD7D22766096D0053A879 /* Main.storyboard in Resources */,
			);
			runOnlyForDeploymentPostprocessing = 0;
		};
/* End PBXResourcesBuildPhase section */

/* Begin PBXSourcesBuildPhase section */
		841AD7C32766096D0053A879 /* Sources */ = {
			isa = PBXSourcesBuildPhase;
			buildActionMask = 2147483647;
			files = (
				841AD7CF2766096D0053A879 /* ViewController.swift in Sources */,
				841AD7CB2766096D0053A879 /* AppDelegate.swift in Sources */,
				841AD7E327661BCA0053A879 /* CRUDTableViewController.swift in Sources */,
				841AD7CD2766096D0053A879 /* SceneDelegate.swift in Sources */,
				841AD7E427661BCA0053A879 /* TableViewControllerDelegate.swift in Sources */,
				841AD7D52766096D0053A879 /* Data_Persistence.xcdatamodeld in Sources */,
			);
			runOnlyForDeploymentPostprocessing = 0;
		};
/* End PBXSourcesBuildPhase section */

/* Begin PBXVariantGroup section */
		841AD7D02766096D0053A879 /* Main.storyboard */ = {
			isa = PBXVariantGroup;
			children = (
				841AD7D12766096D0053A879 /* Base */,
			);
			name = Main.storyboard;
			sourceTree = "<group>";
		};
		841AD7D82766096E0053A879 /* LaunchScreen.storyboard */ = {
			isa = PBXVariantGroup;
			children = (
				841AD7D92766096E0053A879 /* Base */,
			);
			name = LaunchScreen.storyboard;
			sourceTree = "<group>";
		};
/* End PBXVariantGroup section */

/* Begin XCBuildConfiguration section */
		841AD7DC2766096E0053A879 /* Debug */ = {
			isa = XCBuildConfiguration;
			buildSettings = {
				ALWAYS_SEARCH_USER_PATHS = NO;
				CLANG_ANALYZER_NONNULL = YES;
				CLANG_ANALYZER_NUMBER_OBJECT_CONVERSION = YES_AGGRESSIVE;
				CLANG_CXX_LANGUAGE_STANDARD = "gnu++17";
				CLANG_CXX_LIBRARY = "libc++";
				CLANG_ENABLE_MODULES = YES;
				CLANG_ENABLE_OBJC_ARC = YES;
				CLANG_ENABLE_OBJC_WEAK = YES;
				CLANG_WARN_BLOCK_CAPTURE_AUTORELEASING = YES;
				CLANG_WARN_BOOL_CONVERSION = YES;
				CLANG_WARN_COMMA = YES;
				CLANG_WARN_CONSTANT_CONVERSION = YES;
				CLANG_WARN_DEPRECATED_OBJC_IMPLEMENTATIONS = YES;
				CLANG_WARN_DIRECT_OBJC_ISA_USAGE = YES_ERROR;
				CLANG_WARN_DOCUMENTATION_COMMENTS = YES;
				CLANG_WARN_EMPTY_BODY = YES;
				CLANG_WARN_ENUM_CONVERSION = YES;
				CLANG_WARN_INFINITE_RECURSION = YES;
				CLANG_WARN_INT_CONVERSION = YES;
				CLANG_WARN_NON_LITERAL_NULL_CONVERSION = YES;
				CLANG_WARN_OBJC_IMPLICIT_RETAIN_SELF = YES;
				CLANG_WARN_OBJC_LITERAL_CONVERSION = YES;
				CLANG_WARN_OBJC_ROOT_CLASS = YES_ERROR;
				CLANG_WARN_QUOTED_INCLUDE_IN_FRAMEWORK_HEADER = YES;
				CLANG_WARN_RANGE_LOOP_ANALYSIS = YES;
				CLANG_WARN_STRICT_PROTOTYPES = YES;
				CLANG_WARN_SUSPICIOUS_MOVE = YES;
				CLANG_WARN_UNGUARDED_AVAILABILITY = YES_AGGRESSIVE;
				CLANG_WARN_UNREACHABLE_CODE = YES;
				CLANG_WARN__DUPLICATE_METHOD_MATCH = YES;
				COPY_PHASE_STRIP = NO;
				DEBUG_INFORMATION_FORMAT = dwarf;
				ENABLE_STRICT_OBJC_MSGSEND = YES;
				ENABLE_TESTABILITY = YES;
				GCC_C_LANGUAGE_STANDARD = gnu11;
				GCC_DYNAMIC_NO_PIC = NO;
				GCC_NO_COMMON_BLOCKS = YES;
				GCC_OPTIMIZATION_LEVEL = 0;
				GCC_PREPROCESSOR_DEFINITIONS = (
					"DEBUG=1",
					"$(inherited)",
				);
				GCC_WARN_64_TO_32_BIT_CONVERSION = YES;
				GCC_WARN_ABOUT_RETURN_TYPE = YES_ERROR;
				GCC_WARN_UNDECLARED_SELECTOR = YES;
				GCC_WARN_UNINITIALIZED_AUTOS = YES_AGGRESSIVE;
				GCC_WARN_UNUSED_FUNCTION = YES;
				GCC_WARN_UNUSED_VARIABLE = YES;
				IPHONEOS_DEPLOYMENT_TARGET = 15.0;
				MTL_ENABLE_DEBUG_INFO = INCLUDE_SOURCE;
				MTL_FAST_MATH = YES;
				ONLY_ACTIVE_ARCH = YES;
				SDKROOT = iphoneos;
				SWIFT_ACTIVE_COMPILATION_CONDITIONS = DEBUG;
				SWIFT_OPTIMIZATION_LEVEL = "-Onone";
			};
			name = Debug;
		};
		841AD7DD2766096E0053A879 /* Release */ = {
			isa = XCBuildConfiguration;
			buildSettings = {
				ALWAYS_SEARCH_USER_PATHS = NO;
				CLANG_ANALYZER_NONNULL = YES;
				CLANG_ANALYZER_NUMBER_OBJECT_CONVERSION = YES_AGGRESSIVE;
				CLANG_CXX_LANGUAGE_STANDARD = "gnu++17";
				CLANG_CXX_LIBRARY = "libc++";
				CLANG_ENABLE_MODULES = YES;
				CLANG_ENABLE_OBJC_ARC = YES;
				CLANG_ENABLE_OBJC_WEAK = YES;
				CLANG_WARN_BLOCK_CAPTURE_AUTORELEASING = YES;
				CLANG_WARN_BOOL_CONVERSION = YES;
				CLANG_WARN_COMMA = YES;
				CLANG_WARN_CONSTANT_CONVERSION = YES;
				CLANG_WARN_DEPRECATED_OBJC_IMPLEMENTATIONS = YES;
				CLANG_WARN_DIRECT_OBJC_ISA_USAGE = YES_ERROR;
				CLANG_WARN_DOCUMENTATION_COMMENTS = YES;
				CLANG_WARN_EMPTY_BODY = YES;
				CLANG_WARN_ENUM_CONVERSION = YES;
				CLANG_WARN_INFINITE_RECURSION = YES;
				CLANG_WARN_INT_CONVERSION = YES;
				CLANG_WARN_NON_LITERAL_NULL_CONVERSION = YES;
				CLANG_WARN_OBJC_IMPLICIT_RETAIN_SELF = YES;
				CLANG_WARN_OBJC_LITERAL_CONVERSION = YES;
				CLANG_WARN_OBJC_ROOT_CLASS = YES_ERROR;
				CLANG_WARN_QUOTED_INCLUDE_IN_FRAMEWORK_HEADER = YES;
				CLANG_WARN_RANGE_LOOP_ANALYSIS = YES;
				CLANG_WARN_STRICT_PROTOTYPES = YES;
				CLANG_WARN_SUSPICIOUS_MOVE = YES;
				CLANG_WARN_UNGUARDED_AVAILABILITY = YES_AGGRESSIVE;
				CLANG_WARN_UNREACHABLE_CODE = YES;
				CLANG_WARN__DUPLICATE_METHOD_MATCH = YES;
				COPY_PHASE_STRIP = NO;
				DEBUG_INFORMATION_FORMAT = "dwarf-with-dsym";
				ENABLE_NS_ASSERTIONS = NO;
				ENABLE_STRICT_OBJC_MSGSEND = YES;
				GCC_C_LANGUAGE_STANDARD = gnu11;
				GCC_NO_COMMON_BLOCKS = YES;
				GCC_WARN_64_TO_32_BIT_CONVERSION = YES;
				GCC_WARN_ABOUT_RETURN_TYPE = YES_ERROR;
				GCC_WARN_UNDECLARED_SELECTOR = YES;
				GCC_WARN_UNINITIALIZED_AUTOS = YES_AGGRESSIVE;
				GCC_WARN_UNUSED_FUNCTION = YES;
				GCC_WARN_UNUSED_VARIABLE = YES;
				IPHONEOS_DEPLOYMENT_TARGET = 15.0;
				MTL_ENABLE_DEBUG_INFO = NO;
				MTL_FAST_MATH = YES;
				SDKROOT = iphoneos;
				SWIFT_COMPILATION_MODE = wholemodule;
				SWIFT_OPTIMIZATION_LEVEL = "-O";
				VALIDATE_PRODUCT = YES;
			};
			name = Release;
		};
		841AD7DF2766096E0053A879 /* Debug */ = {
			isa = XCBuildConfiguration;
			buildSettings = {
				ASSETCATALOG_COMPILER_APPICON_NAME = AppIcon;
				ASSETCATALOG_COMPILER_GLOBAL_ACCENT_COLOR_NAME = AccentColor;
				CODE_SIGN_STYLE = Automatic;
				CURRENT_PROJECT_VERSION = 1;
				GENERATE_INFOPLIST_FILE = YES;
				INFOPLIST_FILE = "Data Persistence/Info.plist";
				INFOPLIST_KEY_UIApplicationSupportsIndirectInputEvents = YES;
				INFOPLIST_KEY_UILaunchStoryboardName = LaunchScreen;
				INFOPLIST_KEY_UIMainStoryboardFile = Main;
				INFOPLIST_KEY_UISupportedInterfaceOrientations_iPad = "UIInterfaceOrientationPortrait UIInterfaceOrientationPortraitUpsideDown UIInterfaceOrientationLandscapeLeft UIInterfaceOrientationLandscapeRight";
				INFOPLIST_KEY_UISupportedInterfaceOrientations_iPhone = "UIInterfaceOrientationPortrait UIInterfaceOrientationLandscapeLeft UIInterfaceOrientationLandscapeRight";
				LD_RUNPATH_SEARCH_PATHS = (
					"$(inherited)",
					"@executable_path/Frameworks",
				);
				MARKETING_VERSION = 1.0;
				PRODUCT_BUNDLE_IDENTIFIER = "com.doaa.Data-Persistence";
				PRODUCT_NAME = "$(TARGET_NAME)";
				SWIFT_EMIT_LOC_STRINGS = YES;
				SWIFT_VERSION = 5.0;
				TARGETED_DEVICE_FAMILY = "1,2";
			};
			name = Debug;
		};
		841AD7E02766096E0053A879 /* Release */ = {
			isa = XCBuildConfiguration;
			buildSettings = {
				ASSETCATALOG_COMPILER_APPICON_NAME = AppIcon;
				ASSETCATALOG_COMPILER_GLOBAL_ACCENT_COLOR_NAME = AccentColor;
				CODE_SIGN_STYLE = Automatic;
				CURRENT_PROJECT_VERSION = 1;
				GENERATE_INFOPLIST_FILE = YES;
				INFOPLIST_FILE = "Data Persistence/Info.plist";
				INFOPLIST_KEY_UIApplicationSupportsIndirectInputEvents = YES;
				INFOPLIST_KEY_UILaunchStoryboardName = LaunchScreen;
				INFOPLIST_KEY_UIMainStoryboardFile = Main;
				INFOPLIST_KEY_UISupportedInterfaceOrientations_iPad = "UIInterfaceOrientationPortrait UIInterfaceOrientationPortraitUpsideDown UIInterfaceOrientationLandscapeLeft UIInterfaceOrientationLandscapeRight";
				INFOPLIST_KEY_UISupportedInterfaceOrientations_iPhone = "UIInterfaceOrientationPortrait UIInterfaceOrientationLandscapeLeft UIInterfaceOrientationLandscapeRight";
				LD_RUNPATH_SEARCH_PATHS = (
					"$(inherited)",
					"@executable_path/Frameworks",
				);
				MARKETING_VERSION = 1.0;
				PRODUCT_BUNDLE_IDENTIFIER = "com.doaa.Data-Persistence";
				PRODUCT_NAME = "$(TARGET_NAME)";
				SWIFT_EMIT_LOC_STRINGS = YES;
				SWIFT_VERSION = 5.0;
				TARGETED_DEVICE_FAMILY = "1,2";
			};
			name = Release;
		};
/* End XCBuildConfiguration section */

/* Begin XCConfigurationList section */
		841AD7C22766096D0053A879 /* Build configuration list for PBXProject "Data Persistence" */ = {
			isa = XCConfigurationList;
			buildConfigurations = (
				841AD7DC2766096E0053A879 /* Debug */,
				841AD7DD2766096E0053A879 /* Release */,
			);
			defaultConfigurationIsVisible = 0;
			defaultConfigurationName = Release;
		};
		841AD7DE2766096E0053A879 /* Build configuration list for PBXNativeTarget "Data Persistence" */ = {
			isa = XCConfigurationList;
			buildConfigurations = (
				841AD7DF2766096E0053A879 /* Debug */,
				841AD7E02766096E0053A879 /* Release */,
			);
			defaultConfigurationIsVisible = 0;
			defaultConfigurationName = Release;
		};
/* End XCConfigurationList section */

/* Begin XCVersionGroup section */
		841AD7D32766096D0053A879 /* Data_Persistence.xcdatamodeld */ = {
			isa = XCVersionGroup;
			children = (
				841AD7D42766096D0053A879 /* Data_Persistence.xcdatamodel */,
			);
			currentVersion = 841AD7D42766096D0053A879 /* Data_Persistence.xcdatamodel */;
			path = Data_Persistence.xcdatamodeld;
			sourceTree = "<group>";
			versionGroupType = wrapper.xcdatamodel;
		};
/* End XCVersionGroup section */
	};
	rootObject = 841AD7BF2766096D0053A879 /* Project object */;
}
